
Microsoft Visual Studio Solution File, Format Version 12.00
# Visual Studio Version 16
VisualStudioVersion = 16.0.32228.343
MinimumVisualStudioVersion = 10.0.40219.1
Project("{FAE04EC0-301F-11D3-BF4B-00C04F79EFBC}") = "YazılımMimarisi", "YazılımMimarisi\YazılımMimarisi.csproj", "{55FB65D2-6F73-4280-9515-0F3B44DC4168}"
EndProject
Global
	GlobalSection(SolutionConfigurationPlatforms) = preSolution
		Debug|Any CPU = Debug|Any CPU
		Release|Any CPU = Release|Any CPU
	EndGlobalSection
	GlobalSection(ProjectConfigurationPlatforms) = postSolution
		{55FB65D2-6F73-4280-9515-0F3B44DC4168}.Debug|Any CPU.ActiveCfg = Debug|Any CPU
		{55FB65D2-6F73-4280-9515-0F3B44DC4168}.Debug|Any CPU.Build.0 = Debug|Any CPU
		{55FB65D2-6F73-4280-9515-0F3B44DC4168}.Release|Any CPU.ActiveCfg = Release|Any CPU
		{55FB65D2-6F73-4280-9515-0F3B44DC4168}.Release|Any CPU.Build.0 = Release|Any CPU
	EndGlobalSection
	GlobalSection(SolutionProperties) = preSolution
		HideSolutionNode = FALSE
	EndGlobalSection
	GlobalSection(ExtensibilityGlobals) = postSolution
		SolutionGuid = {14A089C6-EEEB-410D-AECF-693614CA233F}
	EndGlobalSection
EndGlobal
